dependencies:
  espressif/qrcode:
    component_hash: 3b493771bc5d6ad30cbf87c25bf784aada8a08c941504355b55d6b75518ed7bc
    source:
      service_url: https://api.components.espressif.com/
      type: service
    version: 0.1.0~2
  idf:
    component_hash: null
    source:
      type: idf
    version: 5.2.2
manifest_hash: 0161167263cdd677b636459d907f4ce6037d48cf6bbfde2b11ca175bc5a88d89
target: esp32
version: 1.0.0
